Microsoft Visual Studio Solution File, Format Version 12.00
# Visual Studio Version 17
VisualStudioVersion = 17.5.2.0
MinimumVisualStudioVersion = 10.0.40219.1
Project("{FAE04EC0-301F-11D3-BF4B-00C04F79EFBC}") = "BlazorCRUDApp", "BlazorCRUDApp.csproj", "{A9397991-9A3C-6700-D903-62D8C7CA3C90}"
EndProject
Global
	GlobalSection(SolutionConfigurationPlatforms) = preSolution
		Debug|Any CPU = Debug|Any CPU
		Release|Any CPU = Release|Any CPU
	EndGlobalSection
	GlobalSection(ProjectConfigurationPlatforms) = postSolution
		{A9397991-9A3C-6700-D903-62D8C7CA3C90}.Debug|Any CPU.ActiveCfg = Debug|Any CPU
		{A9397991-9A3C-6700-D903-62D8C7CA3C90}.Debug|Any CPU.Build.0 = Debug|Any CPU
		{A9397991-9A3C-6700-D903-62D8C7CA3C90}.Release|Any CPU.ActiveCfg = Release|Any CPU
		{A9397991-9A3C-6700-D903-62D8C7CA3C90}.Release|Any CPU.Build.0 = Release|Any CPU
	EndGlobalSection
	GlobalSection(SolutionProperties) = preSolution
		HideSolutionNode = FALSE
	EndGlobalSection
	GlobalSection(ExtensibilityGlobals) = postSolution
		SolutionGuid = {B8F58FB2-7BDB-4E0B-9FED-D758903CC7C0}
	EndGlobalSection
EndGlobal
